// !$*UTF8*$!
{
	archiveVersion = 1;
	classes = {
	};
	objectVersion = 60;
	objects = {

/* Begin PBXBuildFile section */
		B00000000000000000000001 /* Codex94App.swift in Sources */ = {isa = PBXBuildFile; fileRef = F00000000000000000000001 /* Codex94App.swift */; };
		B00000000000000000000002 /* AppDelegate.swift in Sources */ = {isa = PBXBuildFile; fileRef = F00000000000000000000002 /* AppDelegate.swift */; };
		B00000000000000000000003 /* DashboardWindowController.swift in Sources */ = {isa = PBXBuildFile; fileRef = F00000000000000000000003 /* DashboardWindowController.swift */; };
		B00000000000000000000004 /* QuotaModels.swift in Sources */ = {isa = PBXBuildFile; fileRef = F00000000000000000000004 /* QuotaModels.swift */; };
		B00000000000000000000005 /* CodexExecutableLocator.swift in Sources */ = {isa = PBXBuildFile; fileRef = F00000000000000000000005 /* CodexExecutableLocator.swift */; };
		B00000000000000000000006 /* CodexAppServerClient.swift in Sources */ = {isa = PBXBuildFile; fileRef = F00000000000000000000006 /* CodexAppServerClient.swift */; };
		B00000000000000000000007 /* SnapshotCache.swift in Sources */ = {isa = PBXBuildFile; fileRef = F00000000000000000000007 /* SnapshotCache.swift */; };
		B00000000000000000000008 /* LaunchAtLoginController.swift in Sources */ = {isa = PBXBuildFile; fileRef = F00000000000000000000008 /* LaunchAtLoginController.swift */; };
		B00000000000000000000009 /* PreferencesStore.swift in Sources */ = {isa = PBXBuildFile; fileRef = F00000000000000000000009 /* PreferencesStore.swift */; };
		B0000000000000000000000A /* AppStore.swift in Sources */ = {isa = PBXBuildFile; fileRef = F0000000000000000000000A /* AppStore.swift */; };
		B0000000000000000000000B /* Formatting.swift in Sources */ = {isa = PBXBuildFile; fileRef = F0000000000000000000000B /* Formatting.swift */; };
		B0000000000000000000000C /* DiagnosticsRedactor.swift in Sources */ = {isa = PBXBuildFile; fileRef = F0000000000000000000000C /* DiagnosticsRedactor.swift */; };
		B0000000000000000000000D /* Localization.swift in Sources */ = {isa = PBXBuildFile; fileRef = F0000000000000000000000D /* Localization.swift */; };
		B0000000000000000000000E /* Theme.swift in Sources */ = {isa = PBXBuildFile; fileRef = F0000000000000000000000E /* Theme.swift */; };
		B0000000000000000000000F /* QuotaBarView.swift in Sources */ = {isa = PBXBuildFile; fileRef = F0000000000000000000000F /* QuotaBarView.swift */; };
		B00000000000000000000010 /* MenuBarStatusView.swift in Sources */ = {isa = PBXBuildFile; fileRef = F00000000000000000000010 /* MenuBarStatusView.swift */; };
		B00000000000000000000011 /* QuotaPopoverView.swift in Sources */ = {isa = PBXBuildFile; fileRef = F00000000000000000000011 /* QuotaPopoverView.swift */; };
		B00000000000000000000012 /* DashboardView.swift in Sources */ = {isa = PBXBuildFile; fileRef = F00000000000000000000012 /* DashboardView.swift */; };
		B00000000000000000000013 /* Assets.xcassets in Resources */ = {isa = PBXBuildFile; fileRef = F00000000000000000000013 /* Assets.xcassets */; };
		B00000000000000000000014 /* Localizable.xcstrings in Resources */ = {isa = PBXBuildFile; fileRef = F00000000000000000000014 /* Localizable.xcstrings */; };
		B00000000000000000000015 /* DashboardWindowSize.swift in Sources */ = {isa = PBXBuildFile; fileRef = F00000000000000000000016 /* DashboardWindowSize.swift */; };
		B00000000000000000000016 /* AppMetadata.swift in Sources */ = {isa = PBXBuildFile; fileRef = F00000000000000000000017 /* AppMetadata.swift */; };
		B00000000000000000000017 /* ProcessTerminator.swift in Sources */ = {isa = PBXBuildFile; fileRef = F00000000000000000000018 /* ProcessTerminator.swift */; };
		B00000000000000000000018 /* StatusPresentation.swift in Sources */ = {isa = PBXBuildFile; fileRef = F00000000000000000000019 /* StatusPresentation.swift */; };
		B00000000000000000000019 /* ConnectionBadgeView.swift in Sources */ = {isa = PBXBuildFile; fileRef = F0000000000000000000001A /* ConnectionBadgeView.swift */; };
		B0000000000000000000001A /* RefreshPolicy.swift in Sources */ = {isa = PBXBuildFile; fileRef = F0000000000000000000001B /* RefreshPolicy.swift */; };
		B0000000000000000000001B /* MenuBarAppearance.swift in Sources */ = {isa = PBXBuildFile; fileRef = F0000000000000000000001C /* MenuBarAppearance.swift */; };
		B0000000000000000000001C /* DisplaySettingsView.swift in Sources */ = {isa = PBXBuildFile; fileRef = F0000000000000000000001D /* DisplaySettingsView.swift */; };
		B0000000000000000000001D /* CopyTextButton.swift in Sources */ = {isa = PBXBuildFile; fileRef = F0000000000000000000001E /* CopyTextButton.swift */; };
		B0000000000000000000001E /* OverviewView.swift in Sources */ = {isa = PBXBuildFile; fileRef = F0000000000000000000001F /* OverviewView.swift */; };
		B00000000000000000000101 /* QuotaModelsTests.swift in Sources */ = {isa = PBXBuildFile; fileRef = F00000000000000000000101 /* QuotaModelsTests.swift */; };
		B00000000000000000000102 /* ExecutableLocatorTests.swift in Sources */ = {isa = PBXBuildFile; fileRef = F00000000000000000000102 /* ExecutableLocatorTests.swift */; };
		B00000000000000000000103 /* DiagnosticsRedactorTests.swift in Sources */ = {isa = PBXBuildFile; fileRef = F00000000000000000000103 /* DiagnosticsRedactorTests.swift */; };
		B00000000000000000000104 /* AppServerClientTests.swift in Sources */ = {isa = PBXBuildFile; fileRef = F00000000000000000000104 /* AppServerClientTests.swift */; };
		B00000000000000000000105 /* SnapshotCacheTests.swift in Sources */ = {isa = PBXBuildFile; fileRef = F00000000000000000000105 /* SnapshotCacheTests.swift */; };
		B00000000000000000000106 /* DashboardWindowSizeTests.swift in Sources */ = {isa = PBXBuildFile; fileRef = F00000000000000000000106 /* DashboardWindowSizeTests.swift */; };
		B00000000000000000000107 /* AppStoreTests.swift in Sources */ = {isa = PBXBuildFile; fileRef = F00000000000000000000107 /* AppStoreTests.swift */; };
		B00000000000000000000108 /* QuotaPopoverLayoutTests.swift in Sources */ = {isa = PBXBuildFile; fileRef = F00000000000000000000108 /* QuotaPopoverLayoutTests.swift */; };
		B00000000000000000000109 /* StatusPresentationTests.swift in Sources */ = {isa = PBXBuildFile; fileRef = F00000000000000000000109 /* StatusPresentationTests.swift */; };
		B0000000000000000000010A /* RefreshPolicyTests.swift in Sources */ = {isa = PBXBuildFile; fileRef = F0000000000000000000010A /* RefreshPolicyTests.swift */; };
		B0000000000000000000010B /* LaunchAtLoginControllerTests.swift in Sources */ = {isa = PBXBuildFile; fileRef = F0000000000000000000010B /* LaunchAtLoginControllerTests.swift */; };
		B00000000000000000000301 /* Codex94UITests.swift in Sources */ = {isa = PBXBuildFile; fileRef = F00000000000000000000301 /* Codex94UITests.swift */; };
		564F14AB94BAA461AEE482D5 /* NotificationPreferences.swift in Sources */ = {isa = PBXBuildFile; fileRef = E411A572DC36ED0A026D20ED /* NotificationPreferences.swift */; };
		E12E7E8E46047A75C2840425 /* MenuBarBucketSelection.swift in Sources */ = {isa = PBXBuildFile; fileRef = E0C861170D97EB750D6F734C /* MenuBarBucketSelection.swift */; };
		CF26432C4E01AF4A977A9C22 /* GlobalHotKey.swift in Sources */ = {isa = PBXBuildFile; fileRef = 5C54940B907800F0DC1F98E4 /* GlobalHotKey.swift */; };
		F3477D743FC8042584631AEB /* QuotaNotificationPolicy.swift in Sources */ = {isa = PBXBuildFile; fileRef = 96DE42B06E0F834DDD29AF14 /* QuotaNotificationPolicy.swift */; };
		1CDBF843BB0FA399C9CC369F /* NotificationController.swift in Sources */ = {isa = PBXBuildFile; fileRef = 2C2E015F4C15B4C5BD07A7CC /* NotificationController.swift */; };
		FDAD7B7BC2446DE4C50BE778 /* GlobalHotKeyController.swift in Sources */ = {isa = PBXBuildFile; fileRef = B103D608220114249E746149 /* GlobalHotKeyController.swift */; };
		CF2F2CC8A20616F77EA1D08B /* ResetCreditsView.swift in Sources */ = {isa = PBXBuildFile; fileRef = 75237C8F9CA3AB802D924BE1 /* ResetCreditsView.swift */; };
		9856A44308C3662259C4990A /* MenuBarBucketPicker.swift in Sources */ = {isa = PBXBuildFile; fileRef = E5838B15F6C74909DEAC1CF5 /* MenuBarBucketPicker.swift */; };
		09ECAEAE785FA3B5DE82B986 /* NotificationSettingsView.swift in Sources */ = {isa = PBXBuildFile; fileRef = EA033E417715950D1A20087F /* NotificationSettingsView.swift */; };
		012BD7311BDE7E8BC1860D38 /* HotKeySettingsView.swift in Sources */ = {isa = PBXBuildFile; fileRef = 6C6E5AB71DA27F9B59C723CA /* HotKeySettingsView.swift */; };
		E09B3C7963951653C672D4B0 /* NotificationPolicyTests.swift in Sources */ = {isa = PBXBuildFile; fileRef = 71462FE5DE82D714271A5EDA /* NotificationPolicyTests.swift */; };
		55AA9B9E95CCBA5461382611 /* GlobalHotKeyTests.swift in Sources */ = {isa = PBXBuildFile; fileRef = 98E41E37E9CFA5BACFE4CC72 /* GlobalHotKeyTests.swift */; };
		AB27C4156D80CE541E1B227D /* DualWindowTests.swift in Sources */ = {isa = PBXBuildFile; fileRef = E1AAD7D06BB283CF1BB70328 /* DualWindowTests.swift */; };
		962832E28278852018FABC2C /* Version022RenderingTests.swift in Sources */ = {isa = PBXBuildFile; fileRef = AE275590CAE1F1D2E8EFC421 /* Version022RenderingTests.swift */; };
		CDEC55903838256C3FACAF6F /* Version022StoreTests.swift in Sources */ = {isa = PBXBuildFile; fileRef = 29BEEF39B34857D32FEAE6F8 /* Version022StoreTests.swift */; };
		BEFD4E87586D19033FC5CD04 /* TokenUsageModels.swift in Sources */ = {isa = PBXBuildFile; fileRef = 2C6E932DC03ECEE804382D68 /* TokenUsageModels.swift */; };
		98533861E9FE56CFB4EB56E5 /* TokenUsageFetching.swift in Sources */ = {isa = PBXBuildFile; fileRef = 05B3CD069886E11691DB7016 /* TokenUsageFetching.swift */; };
		A225F9330B910BAC212C4D9F /* TokenUsageParser.swift in Sources */ = {isa = PBXBuildFile; fileRef = 661C93A7BA6C708E1C222E94 /* TokenUsageParser.swift */; };
		5F41ABF04C5F98EBFAB77A8F /* TokenUsageStore.swift in Sources */ = {isa = PBXBuildFile; fileRef = 336A0FC5A8C6E0428A6D1265 /* TokenUsageStore.swift */; };
		9255E5885A6461CA8F30AC4B /* TokenUsageParserTests.swift in Sources */ = {isa = PBXBuildFile; fileRef = 8C23D0A0DCB1907F4D9EE422 /* TokenUsageParserTests.swift */; };
		D699D37347702A5B8D993E44 /* TokenUsageStoreTests.swift in Sources */ = {isa = PBXBuildFile; fileRef = 2987324D9D8BFC24169C3CFD /* TokenUsageStoreTests.swift */; };
		A880BA9903D5172FAC214F3E /* TokenUsagePresentation.swift in Sources */ = {isa = PBXBuildFile; fileRef = 5F7177F44EA3C39D17BA13E1 /* TokenUsagePresentation.swift */; };
		E30100000000000000000002 /* ServiceValues.swift in Sources */ = {isa = PBXBuildFile; fileRef = E30100000000000000000001 /* ServiceValues.swift */; };
		CE080DBB71E84E6BE94D0F51 /* TokenUsageCSVDocument.swift in Sources */ = {isa = PBXBuildFile; fileRef = B7311DCE2AB0087156BFFB13 /* TokenUsageCSVDocument.swift */; };
		278C09CCC25CF8DCD20508EA /* TokenUsageChartView.swift in Sources */ = {isa = PBXBuildFile; fileRef = D7B92516F1730A62C5ACC924 /* TokenUsageChartView.swift */; };
		8C0E75C9E27F929DD2058F92 /* TokenUsageDailyTable.swift in Sources */ = {isa = PBXBuildFile; fileRef = 53D4C51CA677EE9FCEB95CEE /* TokenUsageDailyTable.swift */; };
		EE259503E79587710B1B7AC0 /* TokenUsageSummaryView.swift in Sources */ = {isa = PBXBuildFile; fileRef = D5ADAE0A97FB2CAEC592B5E1 /* TokenUsageSummaryView.swift */; };
		D90EA8A2FD04A2FA6B00C2DC /* TokenUsageView.swift in Sources */ = {isa = PBXBuildFile; fileRef = 0C6C322F206E52485E8F96DC /* TokenUsageView.swift */; };
		D54FB59D869944BD065FDEF1 /* TokenUsageRenderingTests.swift in Sources */ = {isa = PBXBuildFile; fileRef = DD41184C819CE6331877639D /* TokenUsageRenderingTests.swift */; };
		15D89A4DB39C529C060F190D /* TokenUsagePresentationTests.swift in Sources */ = {isa = PBXBuildFile; fileRef = 383EBE96A6C79396F89D59B8 /* TokenUsagePresentationTests.swift */; };
		3634B0E75635CE624619E8FA /* AppUpdateModels.swift in Sources */ = {isa = PBXBuildFile; fileRef = 89CC92FCF0A3A4AEC3FF28ED /* AppUpdateModels.swift */; };
		4EBA3837282DA67137C46C3A /* AppUpdateClient.swift in Sources */ = {isa = PBXBuildFile; fileRef = 07DDAEAD6038B6FCB01F198C /* AppUpdateClient.swift */; };
		043F868DFC4923CA3C4C2FFD /* AppUpdateController.swift in Sources */ = {isa = PBXBuildFile; fileRef = F40713838E48857B6E762316 /* AppUpdateController.swift */; };
		DB3111A86860ABA0400DCEFC /* UpdateSettingsView.swift in Sources */ = {isa = PBXBuildFile; fileRef = A6FEBE2B4757AF3B063AB535 /* UpdateSettingsView.swift */; };
		0D44E2E9E088D3EDCD36C4CA /* AppUpdateTests.swift in Sources */ = {isa = PBXBuildFile; fileRef = 7270B3C125CCD901E20AA92E /* AppUpdateTests.swift */; };
/* End PBXBuildFile section */

/* Begin PBXContainerItemProxy section */
		P00000000000000000000001 /* PBXContainerItemProxy */ = {
			isa = PBXContainerItemProxy;
			containerPortal = A00000000000000000000001 /* Project object */;
			proxyType = 1;
			remoteGlobalIDString = T00000000000000000000001;
			remoteInfo = Codex94;
		};
		P00000000000000000000002 /* PBXContainerItemProxy */ = {
			isa = PBXContainerItemProxy;
			containerPortal = A00000000000000000000001 /* Project object */;
			proxyType = 1;
			remoteGlobalIDString = T00000000000000000000001;
			remoteInfo = Codex94;
		};
/* End PBXContainerItemProxy section */

/* Begin PBXFileReference section */
		F00000000000000000000001 /* Codex94App.swift */ = {isa = PBXFileReference; lastKnownFileType = sourcecode.swift; path = App/Codex94App.swift; sourceTree = "<group>"; };
		F00000000000000000000002 /* AppDelegate.swift */ = {isa = PBXFileReference; lastKnownFileType = sourcecode.swift; path = App/AppDelegate.swift; sourceTree = "<group>"; };
		F00000000000000000000003 /* DashboardWindowController.swift */ = {isa = PBXFileReference; lastKnownFileType = sourcecode.swift; path = App/DashboardWindowController.swift; sourceTree = "<group>"; };
		F00000000000000000000004 /* QuotaModels.swift */ = {isa = PBXFileReference; lastKnownFileType = sourcecode.swift; path = Models/QuotaModels.swift; sourceTree = "<group>"; };
		F00000000000000000000005 /* CodexExecutableLocator.swift */ = {isa = PBXFileReference; lastKnownFileType = sourcecode.swift; path = Services/CodexExecutableLocator.swift; sourceTree = "<group>"; };
		F00000000000000000000006 /* CodexAppServerClient.swift */ = {isa = PBXFileReference; lastKnownFileType = sourcecode.swift; path = Services/CodexAppServerClient.swift; sourceTree = "<group>"; };
		F00000000000000000000007 /* SnapshotCache.swift */ = {isa = PBXFileReference; lastKnownFileType = sourcecode.swift; path = Services/SnapshotCache.swift; sourceTree = "<group>"; };
		F00000000000000000000008 /* LaunchAtLoginController.swift */ = {isa = PBXFileReference; lastKnownFileType = sourcecode.swift; path = Services/LaunchAtLoginController.swift; sourceTree = "<group>"; };
		F00000000000000000000009 /* PreferencesStore.swift */ = {isa = PBXFileReference; lastKnownFileType = sourcecode.swift; path = Stores/PreferencesStore.swift; sourceTree = "<group>"; };
		F0000000000000000000000A /* AppStore.swift */ = {isa = PBXFileReference; lastKnownFileType = sourcecode.swift; path = Stores/AppStore.swift; sourceTree = "<group>"; };
		F0000000000000000000000B /* Formatting.swift */ = {isa = PBXFileReference; lastKnownFileType = sourcecode.swift; path = Support/Formatting.swift; sourceTree = "<group>"; };
		F0000000000000000000000C /* DiagnosticsRedactor.swift */ = {isa = PBXFileReference; lastKnownFileType = sourcecode.swift; path = Support/DiagnosticsRedactor.swift; sourceTree = "<group>"; };
		F0000000000000000000000D /* Localization.swift */ = {isa = PBXFileReference; lastKnownFileType = sourcecode.swift; path = Support/Localization.swift; sourceTree = "<group>"; };
		F0000000000000000000000E /* Theme.swift */ = {isa = PBXFileReference; lastKnownFileType = sourcecode.swift; path = Support/Theme.swift; sourceTree = "<group>"; };
		F0000000000000000000000F /* QuotaBarView.swift */ = {isa = PBXFileReference; lastKnownFileType = sourcecode.swift; path = Views/Components/QuotaBarView.swift; sourceTree = "<group>"; };
		F00000000000000000000010 /* MenuBarStatusView.swift */ = {isa = PBXFileReference; lastKnownFileType = sourcecode.swift; path = Views/MenuBar/MenuBarStatusView.swift; sourceTree = "<group>"; };
		F00000000000000000000011 /* QuotaPopoverView.swift */ = {isa = PBXFileReference; lastKnownFileType = sourcecode.swift; path = Views/MenuBar/QuotaPopoverView.swift; sourceTree = "<group>"; };
		F00000000000000000000012 /* DashboardView.swift */ = {isa = PBXFileReference; lastKnownFileType = sourcecode.swift; path = Views/Dashboard/DashboardView.swift; sourceTree = "<group>"; };
		F00000000000000000000013 /* Assets.xcassets */ = {isa = PBXFileReference; lastKnownFileType = folder.assetcatalog; path = Assets.xcassets; sourceTree = "<group>"; };
		F00000000000000000000014 /* Localizable.xcstrings */ = {isa = PBXFileReference; lastKnownFileType = text.json.xcstrings; path = Localizable.xcstrings; sourceTree = "<group>"; };
		F00000000000000000000015 /* Info.plist */ = {isa = PBXFileReference; lastKnownFileType = text.plist.xml; path = Info.plist; sourceTree = "<group>"; };
		F00000000000000000000016 /* DashboardWindowSize.swift */ = {isa = PBXFileReference; lastKnownFileType = sourcecode.swift; path = Models/DashboardWindowSize.swift; sourceTree = "<group>"; };
		F00000000000000000000017 /* AppMetadata.swift */ = {isa = PBXFileReference; lastKnownFileType = sourcecode.swift; path = Support/AppMetadata.swift; sourceTree = "<group>"; };
		F00000000000000000000018 /* ProcessTerminator.swift */ = {isa = PBXFileReference; lastKnownFileType = sourcecode.swift; path = Services/ProcessTerminator.swift; sourceTree = "<group>"; };
		F00000000000000000000019 /* StatusPresentation.swift */ = {isa = PBXFileReference; lastKnownFileType = sourcecode.swift; path = Support/StatusPresentation.swift; sourceTree = "<group>"; };
		F0000000000000000000001A /* ConnectionBadgeView.swift */ = {isa = PBXFileReference; lastKnownFileType = sourcecode.swift; path = Views/Components/ConnectionBadgeView.swift; sourceTree = "<group>"; };
		F0000000000000000000001B /* RefreshPolicy.swift */ = {isa = PBXFileReference; lastKnownFileType = sourcecode.swift; path = Support/RefreshPolicy.swift; sourceTree = "<group>"; };
		F0000000000000000000001C /* MenuBarAppearance.swift */ = {isa = PBXFileReference; lastKnownFileType = sourcecode.swift; path = Models/MenuBarAppearance.swift; sourceTree = "<group>"; };
		F0000000000000000000001D /* DisplaySettingsView.swift */ = {isa = PBXFileReference; lastKnownFileType = sourcecode.swift; path = Views/Dashboard/DisplaySettingsView.swift; sourceTree = "<group>"; };
		F0000000000000000000001E /* CopyTextButton.swift */ = {isa = PBXFileReference; lastKnownFileType = sourcecode.swift; path = Views/Components/CopyTextButton.swift; sourceTree = "<group>"; };
		F0000000000000000000001F /* OverviewView.swift */ = {isa = PBXFileReference; lastKnownFileType = sourcecode.swift; path = Views/Dashboard/OverviewView.swift; sourceTree = "<group>"; };
		F00000000000000000000101 /* QuotaModelsTests.swift */ = {isa = PBXFileReference; lastKnownFileType = sourcecode.swift; path = QuotaModelsTests.swift; sourceTree = "<group>"; };
		F00000000000000000000102 /* ExecutableLocatorTests.swift */ = {isa = PBXFileReference; lastKnownFileType = sourcecode.swift; path = ExecutableLocatorTests.swift; sourceTree = "<group>"; };
		F00000000000000000000103 /* DiagnosticsRedactorTests.swift */ = {isa = PBXFileReference; lastKnownFileType = sourcecode.swift; path = DiagnosticsRedactorTests.swift; sourceTree = "<group>"; };
		F00000000000000000000104 /* AppServerClientTests.swift */ = {isa = PBXFileReference; lastKnownFileType = sourcecode.swift; path = AppServerClientTests.swift; sourceTree = "<group>"; };
		F00000000000000000000105 /* SnapshotCacheTests.swift */ = {isa = PBXFileReference; lastKnownFileType = sourcecode.swift; path = SnapshotCacheTests.swift; sourceTree = "<group>"; };
		F00000000000000000000106 /* DashboardWindowSizeTests.swift */ = {isa = PBXFileReference; lastKnownFileType = sourcecode.swift; path = DashboardWindowSizeTests.swift; sourceTree = "<group>"; };
		F00000000000000000000107 /* AppStoreTests.swift */ = {isa = PBXFileReference; lastKnownFileType = sourcecode.swift; path = AppStoreTests.swift; sourceTree = "<group>"; };
		F00000000000000000000108 /* QuotaPopoverLayoutTests.swift */ = {isa = PBXFileReference; lastKnownFileType = sourcecode.swift; path = QuotaPopoverLayoutTests.swift; sourceTree = "<group>"; };
		F00000000000000000000109 /* StatusPresentationTests.swift */ = {isa = PBXFileReference; lastKnownFileType = sourcecode.swift; path = StatusPresentationTests.swift; sourceTree = "<group>"; };
		F0000000000000000000010A /* RefreshPolicyTests.swift */ = {isa = PBXFileReference; lastKnownFileType = sourcecode.swift; path = RefreshPolicyTests.swift; sourceTree = "<group>"; };
		F0000000000000000000010B /* LaunchAtLoginControllerTests.swift */ = {isa = PBXFileReference; lastKnownFileType = sourcecode.swift; path = LaunchAtLoginControllerTests.swift; sourceTree = "<group>"; };
		F00000000000000000000201 /* Codex94.app */ = {isa = PBXFileReference; explicitFileType = wrapper.application; includeInIndex = 0; path = Codex94.app; sourceTree = BUILT_PRODUCTS_DIR; };
		F00000000000000000000202 /* Codex94Tests.xctest */ = {isa = PBXFileReference; explicitFileType = wrapper.cfbundle; includeInIndex = 0; path = Codex94Tests.xctest; sourceTree = BUILT_PRODUCTS_DIR; };
		F00000000000000000000203 /* Codex94UITests.xctest */ = {isa = PBXFileReference; explicitFileType = wrapper.cfbundle; includeInIndex = 0; path = Codex94UITests.xctest; sourceTree = BUILT_PRODUCTS_DIR; };
		F00000000000000000000301 /* Codex94UITests.swift */ = {isa = PBXFileReference; lastKnownFileType = sourcecode.swift; path = Codex94UITests.swift; sourceTree = "<group>"; };
		E411A572DC36ED0A026D20ED /* NotificationPreferences.swift */ = {isa = PBXFileReference; lastKnownFileType = sourcecode.swift; path = Models/NotificationPreferences.swift; sourceTree = "<group>"; };
		E0C861170D97EB750D6F734C /* MenuBarBucketSelection.swift */ = {isa = PBXFileReference; lastKnownFileType = sourcecode.swift; path = Models/MenuBarBucketSelection.swift; sourceTree = "<group>"; };
		5C54940B907800F0DC1F98E4 /* GlobalHotKey.swift */ = {isa = PBXFileReference; lastKnownFileType = sourcecode.swift; path = Models/GlobalHotKey.swift; sourceTree = "<group>"; };
		96DE42B06E0F834DDD29AF14 /* QuotaNotificationPolicy.swift */ = {isa = PBXFileReference; lastKnownFileType = sourcecode.swift; path = Support/QuotaNotificationPolicy.swift; sourceTree = "<group>"; };
		2C2E015F4C15B4C5BD07A7CC /* NotificationController.swift */ = {isa = PBXFileReference; lastKnownFileType = sourcecode.swift; path = Services/NotificationController.swift; sourceTree = "<group>"; };
		B103D608220114249E746149 /* GlobalHotKeyController.swift */ = {isa = PBXFileReference; lastKnownFileType = sourcecode.swift; path = Services/GlobalHotKeyController.swift; sourceTree = "<group>"; };
		75237C8F9CA3AB802D924BE1 /* ResetCreditsView.swift */ = {isa = PBXFileReference; lastKnownFileType = sourcecode.swift; path = Views/Components/ResetCreditsView.swift; sourceTree = "<group>"; };
		E5838B15F6C74909DEAC1CF5 /* MenuBarBucketPicker.swift */ = {isa = PBXFileReference; lastKnownFileType = sourcecode.swift; path = Views/Components/MenuBarBucketPicker.swift; sourceTree = "<group>"; };
		EA033E417715950D1A20087F /* NotificationSettingsView.swift */ = {isa = PBXFileReference; lastKnownFileType = sourcecode.swift; path = Views/Components/NotificationSettingsView.swift; sourceTree = "<group>"; };
		6C6E5AB71DA27F9B59C723CA /* HotKeySettingsView.swift */ = {isa = PBXFileReference; lastKnownFileType = sourcecode.swift; path = Views/Components/HotKeySettingsView.swift; sourceTree = "<group>"; };
		71462FE5DE82D714271A5EDA /* NotificationPolicyTests.swift */ = {isa = PBXFileReference; lastKnownFileType = sourcecode.swift; path = NotificationPolicyTests.swift; sourceTree = "<group>"; };
		98E41E37E9CFA5BACFE4CC72 /* GlobalHotKeyTests.swift */ = {isa = PBXFileReference; lastKnownFileType = sourcecode.swift; path = GlobalHotKeyTests.swift; sourceTree = "<group>"; };
		E1AAD7D06BB283CF1BB70328 /* DualWindowTests.swift */ = {isa = PBXFileReference; lastKnownFileType = sourcecode.swift; path = DualWindowTests.swift; sourceTree = "<group>"; };
		AE275590CAE1F1D2E8EFC421 /* Version022RenderingTests.swift */ = {isa = PBXFileReference; lastKnownFileType = sourcecode.swift; path = Version022RenderingTests.swift; sourceTree = "<group>"; };
		29BEEF39B34857D32FEAE6F8 /* Version022StoreTests.swift */ = {isa = PBXFileReference; lastKnownFileType = sourcecode.swift; path = Version022StoreTests.swift; sourceTree = "<group>"; };
		2C6E932DC03ECEE804382D68 /* TokenUsageModels.swift */ = {isa = PBXFileReference; lastKnownFileType = sourcecode.swift; path = "Models/TokenUsageModels.swift"; sourceTree = "<group>"; };
		05B3CD069886E11691DB7016 /* TokenUsageFetching.swift */ = {isa = PBXFileReference; lastKnownFileType = sourcecode.swift; path = "Services/TokenUsageFetching.swift"; sourceTree = "<group>"; };
		661C93A7BA6C708E1C222E94 /* TokenUsageParser.swift */ = {isa = PBXFileReference; lastKnownFileType = sourcecode.swift; path = "Services/TokenUsageParser.swift"; sourceTree = "<group>"; };
		336A0FC5A8C6E0428A6D1265 /* TokenUsageStore.swift */ = {isa = PBXFileReference; lastKnownFileType = sourcecode.swift; path = "Stores/TokenUsageStore.swift"; sourceTree = "<group>"; };
		8C23D0A0DCB1907F4D9EE422 /* TokenUsageParserTests.swift */ = {isa = PBXFileReference; lastKnownFileType = sourcecode.swift; path = "TokenUsageParserTests.swift"; sourceTree = "<group>"; };
		2987324D9D8BFC24169C3CFD /* TokenUsageStoreTests.swift */ = {isa = PBXFileReference; lastKnownFileType = sourcecode.swift; path = "TokenUsageStoreTests.swift"; sourceTree = "<group>"; };
		5F7177F44EA3C39D17BA13E1 /* TokenUsagePresentation.swift */ = {isa = PBXFileReference; lastKnownFileType = sourcecode.swift; path = "Support/TokenUsagePresentation.swift"; sourceTree = "<group>"; };
		E30100000000000000000001 /* ServiceValues.swift */ = {isa = PBXFileReference; lastKnownFileType = sourcecode.swift; path = "Support/ServiceValues.swift"; sourceTree = "<group>"; };
		B7311DCE2AB0087156BFFB13 /* TokenUsageCSVDocument.swift */ = {isa = PBXFileReference; lastKnownFileType = sourcecode.swift; path = "Views/Dashboard/TokenUsageCSVDocument.swift"; sourceTree = "<group>"; };
		D7B92516F1730A62C5ACC924 /* TokenUsageChartView.swift */ = {isa = PBXFileReference; lastKnownFileType = sourcecode.swift; path = "Views/Dashboard/TokenUsageChartView.swift"; sourceTree = "<group>"; };
		53D4C51CA677EE9FCEB95CEE /* TokenUsageDailyTable.swift */ = {isa = PBXFileReference; lastKnownFileType = sourcecode.swift; path = "Views/Dashboard/TokenUsageDailyTable.swift"; sourceTree = "<group>"; };
		D5ADAE0A97FB2CAEC592B5E1 /* TokenUsageSummaryView.swift */ = {isa = PBXFileReference; lastKnownFileType = sourcecode.swift; path = "Views/Dashboard/TokenUsageSummaryView.swift"; sourceTree = "<group>"; };
		0C6C322F206E52485E8F96DC /* TokenUsageView.swift */ = {isa = PBXFileReference; lastKnownFileType = sourcecode.swift; path = "Views/Dashboard/TokenUsageView.swift"; sourceTree = "<group>"; };
		DD41184C819CE6331877639D /* TokenUsageRenderingTests.swift */ = {isa = PBXFileReference; lastKnownFileType = sourcecode.swift; path = "TokenUsageRenderingTests.swift"; sourceTree = "<group>"; };
		383EBE96A6C79396F89D59B8 /* TokenUsagePresentationTests.swift */ = {isa = PBXFileReference; lastKnownFileType = sourcecode.swift; path = "TokenUsagePresentationTests.swift"; sourceTree = "<group>"; };
		89CC92FCF0A3A4AEC3FF28ED /* AppUpdateModels.swift */ = {isa = PBXFileReference; lastKnownFileType = sourcecode.swift; path = "Models/AppUpdateModels.swift"; sourceTree = "<group>"; };
		07DDAEAD6038B6FCB01F198C /* AppUpdateClient.swift */ = {isa = PBXFileReference; lastKnownFileType = sourcecode.swift; path = "Services/AppUpdateClient.swift"; sourceTree = "<group>"; };
		F40713838E48857B6E762316 /* AppUpdateController.swift */ = {isa = PBXFileReference; lastKnownFileType = sourcecode.swift; path = "Stores/AppUpdateController.swift"; sourceTree = "<group>"; };
		A6FEBE2B4757AF3B063AB535 /* UpdateSettingsView.swift */ = {isa = PBXFileReference; lastKnownFileType = sourcecode.swift; path = "Views/Components/UpdateSettingsView.swift"; sourceTree = "<group>"; };
		7270B3C125CCD901E20AA92E /* AppUpdateTests.swift */ = {isa = PBXFileReference; lastKnownFileType = sourcecode.swift; path = "AppUpdateTests.swift"; sourceTree = "<group>"; };
/* End PBXFileReference section */

/* Begin PBXFrameworksBuildPhase section */
		W00000000000000000000001 /* Frameworks */ = {isa = PBXFrameworksBuildPhase; buildActionMask = 2147483647; files = (); runOnlyForDeploymentPostprocessing = 0; };
		W00000000000000000000002 /* Frameworks */ = {isa = PBXFrameworksBuildPhase; buildActionMask = 2147483647; files = (); runOnlyForDeploymentPostprocessing = 0; };
		W00000000000000000000003 /* Frameworks */ = {isa = PBXFrameworksBuildPhase; buildActionMask = 2147483647; files = (); runOnlyForDeploymentPostprocessing = 0; };
/* End PBXFrameworksBuildPhase section */

/* Begin PBXGroup section */
		A00000000000000000000002 = {
			isa = PBXGroup;
			children = (
				A00000000000000000000004 /* Codex94 */,
				A00000000000000000000005 /* Codex94Tests */,
				A00000000000000000000006 /* Codex94UITests */,
				A00000000000000000000003 /* Products */,
			);
			sourceTree = "<group>";
		};
		A00000000000000000000003 /* Products */ = {
			isa = PBXGroup;
			children = (
				F00000000000000000000201 /* Codex94.app */,
				F00000000000000000000202 /* Codex94Tests.xctest */,
				F00000000000000000000203 /* Codex94UITests.xctest */,
			);
			name = Products;
			sourceTree = "<group>";
		};
		A00000000000000000000004 /* Codex94 */ = {
			isa = PBXGroup;
			children = (
				A6FEBE2B4757AF3B063AB535 /* UpdateSettingsView.swift */,
				F40713838E48857B6E762316 /* AppUpdateController.swift */,
				07DDAEAD6038B6FCB01F198C /* AppUpdateClient.swift */,
				89CC92FCF0A3A4AEC3FF28ED /* AppUpdateModels.swift */,
				0C6C322F206E52485E8F96DC /* TokenUsageView.swift */,
				D5ADAE0A97FB2CAEC592B5E1 /* TokenUsageSummaryView.swift */,
				53D4C51CA677EE9FCEB95CEE /* TokenUsageDailyTable.swift */,
				D7B92516F1730A62C5ACC924 /* TokenUsageChartView.swift */,
				B7311DCE2AB0087156BFFB13 /* TokenUsageCSVDocument.swift */,
				5F7177F44EA3C39D17BA13E1 /* TokenUsagePresentation.swift */,
				E30100000000000000000001 /* ServiceValues.swift */,
				336A0FC5A8C6E0428A6D1265 /* TokenUsageStore.swift */,
				661C93A7BA6C708E1C222E94 /* TokenUsageParser.swift */,
				05B3CD069886E11691DB7016 /* TokenUsageFetching.swift */,
				2C6E932DC03ECEE804382D68 /* TokenUsageModels.swift */,
				6C6E5AB71DA27F9B59C723CA /* HotKeySettingsView.swift */,
				EA033E417715950D1A20087F /* NotificationSettingsView.swift */,
				E5838B15F6C74909DEAC1CF5 /* MenuBarBucketPicker.swift */,
				75237C8F9CA3AB802D924BE1 /* ResetCreditsView.swift */,
				B103D608220114249E746149 /* GlobalHotKeyController.swift */,
				2C2E015F4C15B4C5BD07A7CC /* NotificationController.swift */,
				96DE42B06E0F834DDD29AF14 /* QuotaNotificationPolicy.swift */,
				5C54940B907800F0DC1F98E4 /* GlobalHotKey.swift */,
				E0C861170D97EB750D6F734C /* MenuBarBucketSelection.swift */,
				E411A572DC36ED0A026D20ED /* NotificationPreferences.swift */,
				F00000000000000000000001 /* Codex94App.swift */,
				F00000000000000000000002 /* AppDelegate.swift */,
				F00000000000000000000003 /* DashboardWindowController.swift */,
				F00000000000000000000004 /* QuotaModels.swift */,
				F0000000000000000000001C /* MenuBarAppearance.swift */,
				F00000000000000000000016 /* DashboardWindowSize.swift */,
				F00000000000000000000005 /* CodexExecutableLocator.swift */,
				F00000000000000000000006 /* CodexAppServerClient.swift */,
				F00000000000000000000018 /* ProcessTerminator.swift */,
				F00000000000000000000007 /* SnapshotCache.swift */,
				F00000000000000000000008 /* LaunchAtLoginController.swift */,
				F00000000000000000000009 /* PreferencesStore.swift */,
				F0000000000000000000000A /* AppStore.swift */,
				F0000000000000000000000B /* Formatting.swift */,
				F00000000000000000000017 /* AppMetadata.swift */,
				F0000000000000000000000C /* DiagnosticsRedactor.swift */,
				F0000000000000000000000D /* Localization.swift */,
				F0000000000000000000000E /* Theme.swift */,
				F00000000000000000000019 /* StatusPresentation.swift */,
				F0000000000000000000001B /* RefreshPolicy.swift */,
				F0000000000000000000000F /* QuotaBarView.swift */,
				F0000000000000000000001A /* ConnectionBadgeView.swift */,
				F0000000000000000000001E /* CopyTextButton.swift */,
				F00000000000000000000010 /* MenuBarStatusView.swift */,
				F00000000000000000000011 /* QuotaPopoverView.swift */,
				F00000000000000000000012 /* DashboardView.swift */,
				F0000000000000000000001F /* OverviewView.swift */,
				F0000000000000000000001D /* DisplaySettingsView.swift */,
				F00000000000000000000013 /* Assets.xcassets */,
				F00000000000000000000014 /* Localizable.xcstrings */,
				F00000000000000000000015 /* Info.plist */,
			);
			path = Codex94;
			sourceTree = "<group>";
		};
		A00000000000000000000005 /* Codex94Tests */ = {
			isa = PBXGroup;
			children = (
				7270B3C125CCD901E20AA92E /* AppUpdateTests.swift */,
				383EBE96A6C79396F89D59B8 /* TokenUsagePresentationTests.swift */,
				2987324D9D8BFC24169C3CFD /* TokenUsageStoreTests.swift */,
				DD41184C819CE6331877639D /* TokenUsageRenderingTests.swift */,
				8C23D0A0DCB1907F4D9EE422 /* TokenUsageParserTests.swift */,
				29BEEF39B34857D32FEAE6F8 /* Version022StoreTests.swift */,
				AE275590CAE1F1D2E8EFC421 /* Version022RenderingTests.swift */,
				E1AAD7D06BB283CF1BB70328 /* DualWindowTests.swift */,
				98E41E37E9CFA5BACFE4CC72 /* GlobalHotKeyTests.swift */,
				71462FE5DE82D714271A5EDA /* NotificationPolicyTests.swift */,
				F00000000000000000000101 /* QuotaModelsTests.swift */,
				F00000000000000000000102 /* ExecutableLocatorTests.swift */,
				F00000000000000000000103 /* DiagnosticsRedactorTests.swift */,
				F00000000000000000000104 /* AppServerClientTests.swift */,
				F00000000000000000000105 /* SnapshotCacheTests.swift */,
				F00000000000000000000106 /* DashboardWindowSizeTests.swift */,
				F00000000000000000000107 /* AppStoreTests.swift */,
				F00000000000000000000108 /* QuotaPopoverLayoutTests.swift */,
				F00000000000000000000109 /* StatusPresentationTests.swift */,
				F0000000000000000000010A /* RefreshPolicyTests.swift */,
				F0000000000000000000010B /* LaunchAtLoginControllerTests.swift */,
			);
			path = Codex94Tests;
			sourceTree = "<group>";
		};
		A00000000000000000000006 /* Codex94UITests */ = {
			isa = PBXGroup;
			children = (
				F00000000000000000000301 /* Codex94UITests.swift */,
			);
			path = Codex94UITests;
			sourceTree = "<group>";
		};
/* End PBXGroup section */

/* Begin PBXNativeTarget section */
		T00000000000000000000001 /* Codex94 */ = {
			isa = PBXNativeTarget;
			buildConfigurationList = L00000000000000000000002 /* Build configuration list for PBXNativeTarget "Codex94" */;
			buildPhases = (
				S00000000000000000000001 /* Sources */,
				W00000000000000000000001 /* Frameworks */,
				R00000000000000000000001 /* Resources */,
			);
			buildRules = ();
			dependencies = ();
			name = Codex94;
			productName = Codex94;
			productReference = F00000000000000000000201 /* Codex94.app */;
			productType = "com.apple.product-type.application";
		};
		T00000000000000000000002 /* Codex94Tests */ = {
			isa = PBXNativeTarget;
			buildConfigurationList = L00000000000000000000003 /* Build configuration list for PBXNativeTarget "Codex94Tests" */;
			buildPhases = (
				S00000000000000000000002 /* Sources */,
				W00000000000000000000002 /* Frameworks */,
				R00000000000000000000002 /* Resources */,
			);
			buildRules = ();
			dependencies = (D00000000000000000000001 /* PBXTargetDependency */);
			name = Codex94Tests;
			productName = Codex94Tests;
			productReference = F00000000000000000000202 /* Codex94Tests.xctest */;
			productType = "com.apple.product-type.bundle.unit-test";
		};
		T00000000000000000000003 /* Codex94UITests */ = {
			isa = PBXNativeTarget;
			buildConfigurationList = L00000000000000000000004 /* Build configuration list for PBXNativeTarget "Codex94UITests" */;
			buildPhases = (
				S00000000000000000000003 /* Sources */,
				W00000000000000000000003 /* Frameworks */,
				R00000000000000000000003 /* Resources */,
			);
			buildRules = ();
			dependencies = (D00000000000000000000002 /* PBXTargetDependency */);
			name = Codex94UITests;
			productName = Codex94UITests;
			productReference = F00000000000000000000203 /* Codex94UITests.xctest */;
			productType = "com.apple.product-type.bundle.ui-testing";
		};
/* End PBXNativeTarget section */

/* Begin PBXProject section */
		A00000000000000000000001 /* Project object */ = {
			isa = PBXProject;
			attributes = {
				BuildIndependentTargetsInParallel = 1;
				LastSwiftUpdateCheck = 2660;
				LastUpgradeCheck = 2660;
				TargetAttributes = {
					T00000000000000000000001 = { CreatedOnToolsVersion = 26.6; };
					T00000000000000000000002 = { CreatedOnToolsVersion = 26.6; TestTargetID = T00000000000000000000001; };
					T00000000000000000000003 = { CreatedOnToolsVersion = 16.4; TestTargetID = T00000000000000000000001; };
				};
			};
			buildConfigurationList = L00000000000000000000001 /* Build configuration list for PBXProject "Codex94" */;
			compatibilityVersion = "Xcode 15.0";
			developmentRegion = en;
			hasScannedForEncodings = 0;
			knownRegions = (en, Base, "zh-Hans");
			mainGroup = A00000000000000000000002;
			productRefGroup = A00000000000000000000003 /* Products */;
			projectDirPath = "";
			projectRoot = "";
			targets = (T00000000000000000000001 /* Codex94 */, T00000000000000000000002 /* Codex94Tests */, T00000000000000000000003 /* Codex94UITests */);
		};
/* End PBXProject section */

/* Begin PBXResourcesBuildPhase section */
		R00000000000000000000001 /* Resources */ = {
			isa = PBXResourcesBuildPhase;
			buildActionMask = 2147483647;
			files = (B00000000000000000000013 /* Assets.xcassets in Resources */, B00000000000000000000014 /* Localizable.xcstrings in Resources */);
			runOnlyForDeploymentPostprocessing = 0;
		};
		R00000000000000000000002 /* Resources */ = {isa = PBXResourcesBuildPhase; buildActionMask = 2147483647; files = (); runOnlyForDeploymentPostprocessing = 0; };
		R00000000000000000000003 /* Resources */ = {isa = PBXResourcesBuildPhase; buildActionMask = 2147483647; files = (); runOnlyForDeploymentPostprocessing = 0; };
/* End PBXResourcesBuildPhase section */

/* Begin PBXSourcesBuildPhase section */
		S00000000000000000000001 /* Sources */ = {
			isa = PBXSourcesBuildPhase;
			buildActionMask = 2147483647;
			files = (
				DB3111A86860ABA0400DCEFC /* UpdateSettingsView.swift in Sources */,
				043F868DFC4923CA3C4C2FFD /* AppUpdateController.swift in Sources */,
				4EBA3837282DA67137C46C3A /* AppUpdateClient.swift in Sources */,
				3634B0E75635CE624619E8FA /* AppUpdateModels.swift in Sources */,
				D90EA8A2FD04A2FA6B00C2DC /* TokenUsageView.swift in Sources */,
				EE259503E79587710B1B7AC0 /* TokenUsageSummaryView.swift in Sources */,
				8C0E75C9E27F929DD2058F92 /* TokenUsageDailyTable.swift in Sources */,
				278C09CCC25CF8DCD20508EA /* TokenUsageChartView.swift in Sources */,
				CE080DBB71E84E6BE94D0F51 /* TokenUsageCSVDocument.swift in Sources */,
				A880BA9903D5172FAC214F3E /* TokenUsagePresentation.swift in Sources */,
				E30100000000000000000002 /* ServiceValues.swift in Sources */,
				5F41ABF04C5F98EBFAB77A8F /* TokenUsageStore.swift in Sources */,
				A225F9330B910BAC212C4D9F /* TokenUsageParser.swift in Sources */,
				98533861E9FE56CFB4EB56E5 /* TokenUsageFetching.swift in Sources */,
				BEFD4E87586D19033FC5CD04 /* TokenUsageModels.swift in Sources */,
				012BD7311BDE7E8BC1860D38 /* HotKeySettingsView.swift in Sources */,
				09ECAEAE785FA3B5DE82B986 /* NotificationSettingsView.swift in Sources */,
				9856A44308C3662259C4990A /* MenuBarBucketPicker.swift in Sources */,
				CF2F2CC8A20616F77EA1D08B /* ResetCreditsView.swift in Sources */,
				FDAD7B7BC2446DE4C50BE778 /* GlobalHotKeyController.swift in Sources */,
				1CDBF843BB0FA399C9CC369F /* NotificationController.swift in Sources */,
				F3477D743FC8042584631AEB /* QuotaNotificationPolicy.swift in Sources */,
				CF26432C4E01AF4A977A9C22 /* GlobalHotKey.swift in Sources */,
				E12E7E8E46047A75C2840425 /* MenuBarBucketSelection.swift in Sources */,
				564F14AB94BAA461AEE482D5 /* NotificationPreferences.swift in Sources */,
				B00000000000000000000001 /* Codex94App.swift in Sources */,
				B00000000000000000000002 /* AppDelegate.swift in Sources */,
				B00000000000000000000003 /* DashboardWindowController.swift in Sources */,
				B00000000000000000000004 /* QuotaModels.swift in Sources */,
				B0000000000000000000001B /* MenuBarAppearance.swift in Sources */,
				B00000000000000000000015 /* DashboardWindowSize.swift in Sources */,
				B00000000000000000000005 /* CodexExecutableLocator.swift in Sources */,
				B00000000000000000000006 /* CodexAppServerClient.swift in Sources */,
				B00000000000000000000017 /* ProcessTerminator.swift in Sources */,
				B00000000000000000000007 /* SnapshotCache.swift in Sources */,
				B00000000000000000000008 /* LaunchAtLoginController.swift in Sources */,
				B00000000000000000000009 /* PreferencesStore.swift in Sources */,
				B0000000000000000000000A /* AppStore.swift in Sources */,
				B0000000000000000000000B /* Formatting.swift in Sources */,
				B00000000000000000000016 /* AppMetadata.swift in Sources */,
				B0000000000000000000000C /* DiagnosticsRedactor.swift in Sources */,
				B0000000000000000000000D /* Localization.swift in Sources */,
				B0000000000000000000000E /* Theme.swift in Sources */,
				B00000000000000000000018 /* StatusPresentation.swift in Sources */,
				B0000000000000000000001A /* RefreshPolicy.swift in Sources */,
				B0000000000000000000000F /* QuotaBarView.swift in Sources */,
				B00000000000000000000019 /* ConnectionBadgeView.swift in Sources */,
				B0000000000000000000001D /* CopyTextButton.swift in Sources */,
				B00000000000000000000010 /* MenuBarStatusView.swift in Sources */,
				B00000000000000000000011 /* QuotaPopoverView.swift in Sources */,
				B00000000000000000000012 /* DashboardView.swift in Sources */,
				B0000000000000000000001E /* OverviewView.swift in Sources */,
				B0000000000000000000001C /* DisplaySettingsView.swift in Sources */,
			);
			runOnlyForDeploymentPostprocessing = 0;
		};
		S00000000000000000000002 /* Sources */ = {
			isa = PBXSourcesBuildPhase;
			buildActionMask = 2147483647;
			files = (
				0D44E2E9E088D3EDCD36C4CA /* AppUpdateTests.swift in Sources */,
				15D89A4DB39C529C060F190D /* TokenUsagePresentationTests.swift in Sources */,
				D54FB59D869944BD065FDEF1 /* TokenUsageRenderingTests.swift in Sources */,
				D699D37347702A5B8D993E44 /* TokenUsageStoreTests.swift in Sources */,
				9255E5885A6461CA8F30AC4B /* TokenUsageParserTests.swift in Sources */,
				CDEC55903838256C3FACAF6F /* Version022StoreTests.swift in Sources */,
				962832E28278852018FABC2C /* Version022RenderingTests.swift in Sources */,
				AB27C4156D80CE541E1B227D /* DualWindowTests.swift in Sources */,
				55AA9B9E95CCBA5461382611 /* GlobalHotKeyTests.swift in Sources */,
				E09B3C7963951653C672D4B0 /* NotificationPolicyTests.swift in Sources */,
				B00000000000000000000101 /* QuotaModelsTests.swift in Sources */,
				B00000000000000000000102 /* ExecutableLocatorTests.swift in Sources */,
				B00000000000000000000103 /* DiagnosticsRedactorTests.swift in Sources */,
				B00000000000000000000104 /* AppServerClientTests.swift in Sources */,
				B00000000000000000000105 /* SnapshotCacheTests.swift in Sources */,
				B00000000000000000000106 /* DashboardWindowSizeTests.swift in Sources */,
				B00000000000000000000107 /* AppStoreTests.swift in Sources */,
				B00000000000000000000108 /* QuotaPopoverLayoutTests.swift in Sources */,
				B00000000000000000000109 /* StatusPresentationTests.swift in Sources */,
				B0000000000000000000010A /* RefreshPolicyTests.swift in Sources */,
				B0000000000000000000010B /* LaunchAtLoginControllerTests.swift in Sources */,
			);
			runOnlyForDeploymentPostprocessing = 0;
		};
		S00000000000000000000003 /* Sources */ = {
			isa = PBXSourcesBuildPhase;
			buildActionMask = 2147483647;
			files = (B00000000000000000000301 /* Codex94UITests.swift in Sources */);
			runOnlyForDeploymentPostprocessing = 0;
		};
/* End PBXSourcesBuildPhase section */

/* Begin PBXTargetDependency section */
		D00000000000000000000001 /* PBXTargetDependency */ = {isa = PBXTargetDependency; target = T00000000000000000000001 /* Codex94 */; targetProxy = P00000000000000000000001 /* PBXContainerItemProxy */; };
		D00000000000000000000002 /* PBXTargetDependency */ = {isa = PBXTargetDependency; target = T00000000000000000000001 /* Codex94 */; targetProxy = P00000000000000000000002 /* PBXContainerItemProxy */; };
/* End PBXTargetDependency section */

/* Begin XCBuildConfiguration section */
		C00000000000000000000001 /* Debug */ = {
			isa = XCBuildConfiguration;
			buildSettings = {
				ALWAYS_SEARCH_USER_PATHS = NO;
				CLANG_ANALYZER_NONNULL = YES;
				CLANG_ENABLE_MODULES = YES;
				CLANG_ENABLE_OBJC_ARC = YES;
				CLANG_WARN_DOCUMENTATION_COMMENTS = YES;
				CLANG_WARN_QUOTED_INCLUDE_IN_FRAMEWORK_HEADER = YES;
				COPY_PHASE_STRIP = NO;
				DEBUG_INFORMATION_FORMAT = dwarf;
				ENABLE_STRICT_OBJC_MSGSEND = YES;
				ENABLE_TESTABILITY = YES;
				GCC_C_LANGUAGE_STANDARD = gnu17;
				GCC_NO_COMMON_BLOCKS = YES;
				MACOSX_DEPLOYMENT_TARGET = 14.0;
				MTL_ENABLE_DEBUG_INFO = INCLUDE_SOURCE;
				ONLY_ACTIVE_ARCH = YES;
				SDKROOT = macosx;
				SWIFT_ACTIVE_COMPILATION_CONDITIONS = "DEBUG $(inherited)";
				SWIFT_OPTIMIZATION_LEVEL = "-Onone";
			};
			name = Debug;
		};
		C00000000000000000000002 /* Release */ = {
			isa = XCBuildConfiguration;
			buildSettings = {
				ALWAYS_SEARCH_USER_PATHS = NO;
				CLANG_ANALYZER_NONNULL = YES;
				CLANG_ENABLE_MODULES = YES;
				CLANG_ENABLE_OBJC_ARC = YES;
				CLANG_WARN_DOCUMENTATION_COMMENTS = YES;
				CLANG_WARN_QUOTED_INCLUDE_IN_FRAMEWORK_HEADER = YES;
				COPY_PHASE_STRIP = YES;
				DEBUG_INFORMATION_FORMAT = "dwarf-with-dsym";
				ENABLE_NS_ASSERTIONS = NO;
				ENABLE_STRICT_OBJC_MSGSEND = YES;
				GCC_C_LANGUAGE_STANDARD = gnu17;
				GCC_NO_COMMON_BLOCKS = YES;
				MACOSX_DEPLOYMENT_TARGET = 14.0;
				MTL_ENABLE_DEBUG_INFO = NO;
				SDKROOT = macosx;
				SWIFT_COMPILATION_MODE = wholemodule;
			};
			name = Release;
		};
		C00000000000000000000011 /* Debug */ = {
			isa = XCBuildConfiguration;
			buildSettings = {
				ASSETCATALOG_COMPILER_APPICON_NAME = AppIcon;
				ASSETCATALOG_COMPILER_GLOBAL_ACCENT_COLOR_NAME = AccentColor;
				CODE_SIGN_IDENTITY = "-";
				CODE_SIGN_STYLE = Manual;
				COMBINE_HIDPI_IMAGES = YES;
				CURRENT_PROJECT_VERSION = 15;
				DEAD_CODE_STRIPPING = YES;
				ENABLE_APP_SANDBOX = NO;
				ENABLE_DEBUG_DYLIB = NO;
				ENABLE_HARDENED_RUNTIME = YES;
				GENERATE_INFOPLIST_FILE = NO;
				INFOPLIST_FILE = Codex94/Info.plist;
				LD_RUNPATH_SEARCH_PATHS = "$(inherited) @executable_path/../Frameworks";
				MARKETING_VERSION = 3.0.1;
				PRODUCT_BUNDLE_IDENTIFIER = com.defyan94.codex94;
				PRODUCT_NAME = "$(TARGET_NAME)";
				SWIFT_EMIT_LOC_STRINGS = YES;
				SWIFT_STRICT_CONCURRENCY = complete;
				SWIFT_VERSION = 6.0;
			};
			name = Debug;
		};
		C00000000000000000000012 /* Release */ = {
			isa = XCBuildConfiguration;
			buildSettings = {
				ASSETCATALOG_COMPILER_APPICON_NAME = AppIcon;
				ASSETCATALOG_COMPILER_GLOBAL_ACCENT_COLOR_NAME = AccentColor;
				CODE_SIGN_IDENTITY = "-";
				CODE_SIGN_INJECT_BASE_ENTITLEMENTS = NO;
				CODE_SIGN_STYLE = Manual;
				COMBINE_HIDPI_IMAGES = YES;
				CURRENT_PROJECT_VERSION = 15;
				DEAD_CODE_STRIPPING = YES;
				DEPLOYMENT_POSTPROCESSING = YES;
				ENABLE_APP_SANDBOX = NO;
				ENABLE_HARDENED_RUNTIME = YES;
				GENERATE_INFOPLIST_FILE = NO;
				INFOPLIST_FILE = Codex94/Info.plist;
				LD_RUNPATH_SEARCH_PATHS = "$(inherited) @executable_path/../Frameworks";
				MARKETING_VERSION = 3.0.1;
				PRODUCT_BUNDLE_IDENTIFIER = com.defyan94.codex94;
				PRODUCT_NAME = "$(TARGET_NAME)";
				SWIFT_EMIT_LOC_STRINGS = YES;
				SWIFT_STRICT_CONCURRENCY = complete;
				SWIFT_VERSION = 6.0;
				STRIP_INSTALLED_PRODUCT = YES;
			};
			name = Release;
		};
		C00000000000000000000021 /* Debug */ = {
			isa = XCBuildConfiguration;
			buildSettings = {
				BUNDLE_LOADER = "$(TEST_HOST)";
				CODE_SIGN_IDENTITY = "-";
				CODE_SIGN_STYLE = Manual;
				GENERATE_INFOPLIST_FILE = YES;
				MACOSX_DEPLOYMENT_TARGET = 14.0;
				PRODUCT_BUNDLE_IDENTIFIER = com.defyan94.codex94.tests;
				PRODUCT_NAME = "$(TARGET_NAME)";
				SWIFT_STRICT_CONCURRENCY = complete;
				SWIFT_VERSION = 6.0;
				TEST_HOST = "$(BUILT_PRODUCTS_DIR)/Codex94.app/Contents/MacOS/Codex94";
			};
			name = Debug;
		};
		C00000000000000000000022 /* Release */ = {
			isa = XCBuildConfiguration;
			buildSettings = {
				BUNDLE_LOADER = "$(TEST_HOST)";
				CODE_SIGN_IDENTITY = "-";
				CODE_SIGN_STYLE = Manual;
				GENERATE_INFOPLIST_FILE = YES;
				MACOSX_DEPLOYMENT_TARGET = 14.0;
				PRODUCT_BUNDLE_IDENTIFIER = com.defyan94.codex94.tests;
				PRODUCT_NAME = "$(TARGET_NAME)";
				SWIFT_STRICT_CONCURRENCY = complete;
				SWIFT_VERSION = 6.0;
				TEST_HOST = "$(BUILT_PRODUCTS_DIR)/Codex94.app/Contents/MacOS/Codex94";
			};
			name = Release;
		};
		C00000000000000000000031 /* Debug */ = {
			isa = XCBuildConfiguration;
			buildSettings = {
				CODE_SIGN_ENTITLEMENTS = "$(CODEX94_UI_TEST_ENTITLEMENTS)";
				CODE_SIGN_IDENTITY = "-";
				CODE_SIGN_STYLE = Manual;
				GENERATE_INFOPLIST_FILE = YES;
				LD_RUNPATH_SEARCH_PATHS = "$(inherited) @executable_path/../Frameworks @loader_path/../Frameworks";
				PRODUCT_BUNDLE_IDENTIFIER = com.defyan94.codex94.uitests;
				PRODUCT_NAME = "$(TARGET_NAME)";
				SWIFT_STRICT_CONCURRENCY = complete;
				SWIFT_VERSION = 6.0;
				TEST_TARGET_NAME = Codex94;
			};
			name = Debug;
		};
		C00000000000000000000032 /* Release */ = {
			isa = XCBuildConfiguration;
			buildSettings = {
				CODE_SIGN_ENTITLEMENTS = "$(CODEX94_UI_TEST_ENTITLEMENTS)";
				CODE_SIGN_IDENTITY = "-";
				CODE_SIGN_STYLE = Manual;
				GENERATE_INFOPLIST_FILE = YES;
				LD_RUNPATH_SEARCH_PATHS = "$(inherited) @executable_path/../Frameworks @loader_path/../Frameworks";
				PRODUCT_BUNDLE_IDENTIFIER = com.defyan94.codex94.uitests;
				PRODUCT_NAME = "$(TARGET_NAME)";
				SWIFT_STRICT_CONCURRENCY = complete;
				SWIFT_VERSION = 6.0;
				TEST_TARGET_NAME = Codex94;
			};
			name = Release;
		};
/* End XCBuildConfiguration section */

/* Begin XCConfigurationList section */
		L00000000000000000000001 /* Build configuration list for PBXProject "Codex94" */ = {isa = XCConfigurationList; buildConfigurations = (C00000000000000000000001 /* Debug */, C00000000000000000000002 /* Release */); defaultConfigurationIsVisible = 0; defaultConfigurationName = Release; };
		L00000000000000000000002 /* Build configuration list for PBXNativeTarget "Codex94" */ = {isa = XCConfigurationList; buildConfigurations = (C00000000000000000000011 /* Debug */, C00000000000000000000012 /* Release */); defaultConfigurationIsVisible = 0; defaultConfigurationName = Release; };
		L00000000000000000000003 /* Build configuration list for PBXNativeTarget "Codex94Tests" */ = {isa = XCConfigurationList; buildConfigurations = (C00000000000000000000021 /* Debug */, C00000000000000000000022 /* Release */); defaultConfigurationIsVisible = 0; defaultConfigurationName = Release; };
		L00000000000000000000004 /* Build configuration list for PBXNativeTarget "Codex94UITests" */ = {isa = XCConfigurationList; buildConfigurations = (C00000000000000000000031 /* Debug */, C00000000000000000000032 /* Release */); defaultConfigurationIsVisible = 0; defaultConfigurationName = Release; };
/* End XCConfigurationList section */
	};
	rootObject = A00000000000000000000001 /* Project object */;
}
